
Microsoft Visual Studio Solution File, Format Version 12.00
# Visual Studio Version 16
VisualStudioVersion = 16.0.30907.101
MinimumVisualStudioVersion = 10.0.40219.1
Project("{FAE04EC0-301F-11D3-BF4B-00C04F79EFBC}") = "ForumWeb", "ForumWeb.csproj", "{99C472D2-A763-467C-B439-F83FCD5C6A92}"
EndProject
Global
	GlobalSection(SolutionConfigurationPlatforms) = preSolution
		Debug|Any CPU = Debug|Any CPU
		Release|Any CPU = Release|Any CPU
	EndGlobalSection
	GlobalSection(ProjectConfigurationPlatforms) = postSolution
		{99C472D2-A763-467C-B439-F83FCD5C6A92}.Debug|Any CPU.ActiveCfg = Debug|Any CPU
		{99C472D2-A763-467C-B439-F83FCD5C6A92}.Debug|Any CPU.Build.0 = Debug|Any CPU
		{99C472D2-A763-467C-B439-F83FCD5C6A92}.Release|Any CPU.ActiveCfg = Release|Any CPU
		{99C472D2-A763-467C-B439-F83FCD5C6A92}.Release|Any CPU.Build.0 = Release|Any CPU
	EndGlobalSection
	GlobalSection(SolutionProperties) = preSolution
		HideSolutionNode = FALSE
	EndGlobalSection
	GlobalSection(ExtensibilityGlobals) = postSolution
		SolutionGuid = {C18BCA6A-A37F-4AFE-AA61-CF0D1D74805E}
	EndGlobalSection
EndGlobal
